// !$*UTF8*$!
{
	archiveVersion = 1;
	classes = {
	};
	objectVersion = 56;
	objects = {

/* Begin PBXBuildFile section */
		BF00E8542B5365390079B703 /* AppDelegate.swift in Sources */ = {isa = PBXBuildFile; fileRef = BF00E8532B5365390079B703 /* AppDelegate.swift */; };
		BF00E8562B5365390079B703 /* SceneDelegate.swift in Sources */ = {isa = PBXBuildFile; fileRef = BF00E8552B5365390079B703 /* SceneDelegate.swift */; };
		BF00E8582B5365390079B703 /* ViewController.swift in Sources */ = {isa = PBXBuildFile; fileRef = BF00E8572B5365390079B703 /* ViewController.swift */; };
		BF00E85D2B53653B0079B703 /* Assets.xcassets in Resources */ = {isa = PBXBuildFile; fileRef = BF00E85C2B53653B0079B703 /* Assets.xcassets */; };
		BF00E8602B53653B0079B703 /* LaunchScreen.storyboard in Resources */ = {isa = PBXBuildFile; fileRef = BF00E85E2B53653B0079B703 /* LaunchScreen.storyboard */; };
		BF00E8682B5367260079B703 /* FeedViewController.swift in Sources */ = {isa = PBXBuildFile; fileRef = BF00E8672B5367260079B703 /* FeedViewController.swift */; };
		BF00E86C2B5367D00079B703 /* PostViewController.swift in Sources */ = {isa = PBXBuildFile; fileRef = BF00E86B2B5367D00079B703 /* PostViewController.swift */; };
		BF00E8702B5376BA0079B703 /* InfoViewController.swift in Sources */ = {isa = PBXBuildFile; fileRef = BF00E86F2B5376BA0079B703 /* InfoViewController.swift */; };
		BF4C22222B6FAFD600648FA3 /* LogInViewController.swift in Sources */ = {isa = PBXBuildFile; fileRef = BF4C22212B6FAFD600648FA3 /* LogInViewController.swift */; };
		BF4C22252B6FB10000648FA3 /* CustomButton.swift in Sources */ = {isa = PBXBuildFile; fileRef = BF4C22242B6FB10000648FA3 /* CustomButton.swift */; };
		BFA3A9EA2B5FD27F008CC6FA /* ProfileTableHederView.swift in Sources */ = {isa = PBXBuildFile; fileRef = BFA3A9E92B5FD27F008CC6FA /* ProfileTableHederView.swift */; };
		BFA3A9ED2B5FD2E3008CC6FA /* ProfileViewController.swift in Sources */ = {isa = PBXBuildFile; fileRef = BFA3A9EC2B5FD2E3008CC6FA /* ProfileViewController.swift */; };
		BFBDEBF22B6FC4D30076A61F /* PhotosTableViewCell.swift in Sources */ = {isa = PBXBuildFile; fileRef = BFBDEBF12B6FC4D30076A61F /* PhotosTableViewCell.swift */; };
		BFBDEBF42B6FC6E20076A61F /* Photo.swift in Sources */ = {isa = PBXBuildFile; fileRef = BFBDEBF32B6FC6E20076A61F /* Photo.swift */; };
		BFFC6DD42B6B90250052A00E /* Post.swift in Sources */ = {isa = PBXBuildFile; fileRef = BFFC6DD32B6B90250052A00E /* Post.swift */; };
		BFFC6DD62B6BCCCF0052A00E /* PostTableViewCell.swift in Sources */ = {isa = PBXBuildFile; fileRef = BFFC6DD52B6BCCCF0052A00E /* PostTableViewCell.swift */; };
		BFFC6DD82B6C09920052A00E /* UITableView+Extensions.swift in Sources */ = {isa = PBXBuildFile; fileRef = BFFC6DD72B6C09920052A00E /* UITableView+Extensions.swift */; };
/* End PBXBuildFile section */

/* Begin PBXFileReference section */
		BF00E8502B5365390079B703 /* Navigation.app */ = {isa = PBXFileReference; explicitFileType = wrapper.application; includeInIndex = 0; path = Navigation.app; sourceTree = BUILT_PRODUCTS_DIR; };
		BF00E8532B5365390079B703 /* AppDelegate.swift */ = {isa = PBXFileReference; lastKnownFileType = sourcecode.swift; path = AppDelegate.swift; sourceTree = "<group>"; };
		BF00E8552B5365390079B703 /* SceneDelegate.swift */ = {isa = PBXFileReference; lastKnownFileType = sourcecode.swift; path = SceneDelegate.swift; sourceTree = "<group>"; };
		BF00E8572B5365390079B703 /* ViewController.swift */ = {isa = PBXFileReference; lastKnownFileType = sourcecode.swift; path = ViewController.swift; sourceTree = "<group>"; };
		BF00E85C2B53653B0079B703 /* Assets.xcassets */ = {isa = PBXFileReference; lastKnownFileType = folder.assetcatalog; path = Assets.xcassets; sourceTree = "<group>"; };
		BF00E85F2B53653B0079B703 /* Base */ = {isa = PBXFileReference; lastKnownFileType = file.storyboard; name = Base; path = Base.lproj/LaunchScreen.storyboard; sourceTree = "<group>"; };
		BF00E8612B53653B0079B703 /* Info.plist */ = {isa = PBXFileReference; lastKnownFileType = text.plist.xml; path = Info.plist; sourceTree = "<group>"; };
		BF00E8672B5367260079B703 /* FeedViewController.swift */ = {isa = PBXFileReference; lastKnownFileType = sourcecode.swift; path = FeedViewController.swift; sourceTree = "<group>"; };
		BF00E86B2B5367D00079B703 /* PostViewController.swift */ = {isa = PBXFileReference; lastKnownFileType = sourcecode.swift; path = PostViewController.swift; sourceTree = "<group>"; };
		BF00E86F2B5376BA0079B703 /* InfoViewController.swift */ = {isa = PBXFileReference; lastKnownFileType = sourcecode.swift; path = InfoViewController.swift; sourceTree = "<group>"; };
		BF4C22212B6FAFD600648FA3 /* LogInViewController.swift */ = {isa = PBXFileReference; lastKnownFileType = sourcecode.swift; path = LogInViewController.swift; sourceTree = "<group>"; };
		BF4C22242B6FB10000648FA3 /* CustomButton.swift */ = {isa = PBXFileReference; lastKnownFileType = sourcecode.swift; path = CustomButton.swift; sourceTree = "<group>"; };
		BFA3A9E92B5FD27F008CC6FA /* ProfileTableHederView.swift */ = {isa = PBXFileReference; lastKnownFileType = sourcecode.swift; path = ProfileTableHederView.swift; sourceTree = "<group>"; };
		BFA3A9EC2B5FD2E3008CC6FA /* ProfileViewController.swift */ = {isa = PBXFileReference; lastKnownFileType = sourcecode.swift; path = ProfileViewController.swift; sourceTree = "<group>"; };
		BFBDEBF12B6FC4D30076A61F /* PhotosTableViewCell.swift */ = {isa = PBXFileReference; lastKnownFileType = sourcecode.swift; path = PhotosTableViewCell.swift; sourceTree = "<group>"; };
		BFBDEBF32B6FC6E20076A61F /* Photo.swift */ = {isa = PBXFileReference; lastKnownFileType = sourcecode.swift; path = Photo.swift; sourceTree = "<group>"; };
		BFFC6DD32B6B90250052A00E /* Post.swift */ = {isa = PBXFileReference; lastKnownFileType = sourcecode.swift; path = Post.swift; sourceTree = "<group>"; };
		BFFC6DD52B6BCCCF0052A00E /* PostTableViewCell.swift */ = {isa = PBXFileReference; lastKnownFileType = sourcecode.swift; path = PostTableViewCell.swift; sourceTree = "<group>"; };
		BFFC6DD72B6C09920052A00E /* UITableView+Extensions.swift */ = {isa = PBXFileReference; lastKnownFileType = sourcecode.swift; path = "UITableView+Extensions.swift"; sourceTree = "<group>"; };
/* End PBXFileReference section */

/* Begin PBXFrameworksBuildPhase section */
		BF00E84D2B5365390079B703 /* Frameworks */ = {
			isa = PBXFrameworksBuildPhase;
			buildActionMask = 2147483647;
			files = (
			);
			runOnlyForDeploymentPostprocessing = 0;
		};
/* End PBXFrameworksBuildPhase section */

/* Begin PBXGroup section */
		BF00E8472B5365390079B703 = {
			isa = PBXGroup;
			children = (
				BF00E8522B5365390079B703 /* Navigation */,
				BF00E8512B5365390079B703 /* Products */,
			);
			sourceTree = "<group>";
		};
		BF00E8512B5365390079B703 /* Products */ = {
			isa = PBXGroup;
			children = (
				BF00E8502B5365390079B703 /* Navigation.app */,
			);
			name = Products;
			sourceTree = "<group>";
		};
		BF00E8522B5365390079B703 /* Navigation */ = {
			isa = PBXGroup;
			children = (
				BF4C22232B6FB0B500648FA3 /* UIView */,
				BFFC6DD72B6C09920052A00E /* UITableView+Extensions.swift */,
				BF00E8532B5365390079B703 /* AppDelegate.swift */,
				BFFC6DD22B6B8FFA0052A00E /* model */,
				BFA3A9E82B5FD192008CC6FA /* Profile */,
				BF00E8552B5365390079B703 /* SceneDelegate.swift */,
				BF00E8572B5365390079B703 /* ViewController.swift */,
				BF00E8612B53653B0079B703 /* Info.plist */,
				BF00E85C2B53653B0079B703 /* Assets.xcassets */,
				BF00E85E2B53653B0079B703 /* LaunchScreen.storyboard */,
				BF00E8672B5367260079B703 /* FeedViewController.swift */,
				BF00E86B2B5367D00079B703 /* PostViewController.swift */,
				BF00E86F2B5376BA0079B703 /* InfoViewController.swift */,
				BFFC6DD52B6BCCCF0052A00E /* PostTableViewCell.swift */,
			);
			path = Navigation;
			sourceTree = "<group>";
		};
		BF4C22232B6FB0B500648FA3 /* UIView */ = {
			isa = PBXGroup;
			children = (
				BF4C22242B6FB10000648FA3 /* CustomButton.swift */,
			);
			path = UIView;
			sourceTree = "<group>";
		};
		BFA3A9E82B5FD192008CC6FA /* Profile */ = {
			isa = PBXGroup;
			children = (
				BFBDEBF02B6FC4BE0076A61F /* Photos */,
				BFA3A9E92B5FD27F008CC6FA /* ProfileTableHederView.swift */,
				BFA3A9EC2B5FD2E3008CC6FA /* ProfileViewController.swift */,
				BF4C22212B6FAFD600648FA3 /* LogInViewController.swift */,
			);
			path = Profile;
			sourceTree = "<group>";
		};
		BFBDEBF02B6FC4BE0076A61F /* Photos */ = {
			isa = PBXGroup;
			children = (
				BFBDEBF12B6FC4D30076A61F /* PhotosTableViewCell.swift */,
			);
			path = Photos;
			sourceTree = "<group>";
		};
		BFFC6DD22B6B8FFA0052A00E /* model */ = {
			isa = PBXGroup;
			children = (
				BFFC6DD32B6B90250052A00E /* Post.swift */,
				BFBDEBF32B6FC6E20076A61F /* Photo.swift */,
			);
			path = model;
			sourceTree = "<group>";
		};
/* End PBXGroup section */

/* Begin PBXNativeTarget section */
		BF00E84F2B5365390079B703 /* Navigation */ = {
			isa = PBXNativeTarget;
			buildConfigurationList = BF00E8642B53653B0079B703 /* Build configuration list for PBXNativeTarget "Navigation" */;
			buildPhases = (
				BF00E84C2B5365390079B703 /* Sources */,
				BF00E84D2B5365390079B703 /* Frameworks */,
				BF00E84E2B5365390079B703 /* Resources */,
			);
			buildRules = (
			);
			dependencies = (
			);
			name = Navigation;
			productName = Navigation;
			productReference = BF00E8502B5365390079B703 /* Navigation.app */;
			productType = "com.apple.product-type.application";
		};
/* End PBXNativeTarget section */

/* Begin PBXProject section */
		BF00E8482B5365390079B703 /* Project object */ = {
			isa = PBXProject;
			attributes = {
				BuildIndependentTargetsInParallel = 1;
				LastSwiftUpdateCheck = 1500;
				LastUpgradeCheck = 1500;
				TargetAttributes = {
					BF00E84F2B5365390079B703 = {
						CreatedOnToolsVersion = 15.0;
					};
				};
			};
			buildConfigurationList = BF00E84B2B5365390079B703 /* Build configuration list for PBXProject "Navigation" */;
			compatibilityVersion = "Xcode 14.0";
			developmentRegion = en;
			hasScannedForEncodings = 0;
			knownRegions = (
				en,
				Base,
			);
			mainGroup = BF00E8472B5365390079B703;
			productRefGroup = BF00E8512B5365390079B703 /* Products */;
			projectDirPath = "";
			projectRoot = "";
			targets = (
				BF00E84F2B5365390079B703 /* Navigation */,
			);
		};
/* End PBXProject section */

/* Begin PBXResourcesBuildPhase section */
		BF00E84E2B5365390079B703 /* Resources */ = {
			isa = PBXResourcesBuildPhase;
			buildActionMask = 2147483647;
			files = (
				BF00E8602B53653B0079B703 /* LaunchScreen.storyboard in Resources */,
				BF00E85D2B53653B0079B703 /* Assets.xcassets in Resources */,
			);
			runOnlyForDeploymentPostprocessing = 0;
		};
/* End PBXResourcesBuildPhase section */

/* Begin PBXSourcesBuildPhase section */
		BF00E84C2B5365390079B703 /* Sources */ = {
			isa = PBXSourcesBuildPhase;
			buildActionMask = 2147483647;
			files = (
				BF00E86C2B5367D00079B703 /* PostViewController.swift in Sources */,
				BF4C22252B6FB10000648FA3 /* CustomButton.swift in Sources */,
				BF00E8582B5365390079B703 /* ViewController.swift in Sources */,
				BFA3A9ED2B5FD2E3008CC6FA /* ProfileViewController.swift in Sources */,
				BF00E8542B5365390079B703 /* AppDelegate.swift in Sources */,
				BFA3A9EA2B5FD27F008CC6FA /* ProfileTableHederView.swift in Sources */,
				BF00E8682B5367260079B703 /* FeedViewController.swift in Sources */,
				BF00E8702B5376BA0079B703 /* InfoViewController.swift in Sources */,
				BFBDEBF22B6FC4D30076A61F /* PhotosTableViewCell.swift in Sources */,
				BFBDEBF42B6FC6E20076A61F /* Photo.swift in Sources */,
				BFFC6DD82B6C09920052A00E /* UITableView+Extensions.swift in Sources */,
				BF4C22222B6FAFD600648FA3 /* LogInViewController.swift in Sources */,
				BF00E8562B5365390079B703 /* SceneDelegate.swift in Sources */,
				BFFC6DD62B6BCCCF0052A00E /* PostTableViewCell.swift in Sources */,
				BFFC6DD42B6B90250052A00E /* Post.swift in Sources */,
			);
			runOnlyForDeploymentPostprocessing = 0;
		};
/* End PBXSourcesBuildPhase section */

/* Begin PBXVariantGroup section */
		BF00E85E2B53653B0079B703 /* LaunchScreen.storyboard */ = {
			isa = PBXVariantGroup;
			children = (
				BF00E85F2B53653B0079B703 /* Base */,
			);
			name = LaunchScreen.storyboard;
			sourceTree = "<group>";
		};
/* End PBXVariantGroup section */

/* Begin XCBuildConfiguration section */
		BF00E8622B53653B0079B703 /* Debug */ = {
			isa = XCBuildConfiguration;
			buildSettings = {
				ALWAYS_SEARCH_USER_PATHS = NO;
				ASSETCATALOG_COMPILER_GENERATE_SWIFT_ASSET_SYMBOL_EXTENSIONS = YES;
				CLANG_ANALYZER_NONNULL = YES;
				CLANG_ANALYZER_NUMBER_OBJECT_CONVERSION = YES_AGGRESSIVE;
				CLANG_CXX_LANGUAGE_STANDARD = "gnu++20";
				CLANG_ENABLE_MODULES = YES;
				CLANG_ENABLE_OBJC_ARC = YES;
				CLANG_ENABLE_OBJC_WEAK = YES;
				CLANG_WARN_BLOCK_CAPTURE_AUTORELEASING = YES;
				CLANG_WARN_BOOL_CONVERSION = YES;
				CLANG_WARN_COMMA = YES;
				CLANG_WARN_CONSTANT_CONVERSION = YES;
				CLANG_WARN_DEPRECATED_OBJC_IMPLEMENTATIONS = YES;
				CLANG_WARN_DIRECT_OBJC_ISA_USAGE = YES_ERROR;
				CLANG_WARN_DOCUMENTATION_COMMENTS = YES;
				CLANG_WARN_EMPTY_BODY = YES;
				CLANG_WARN_ENUM_CONVERSION = YES;
				CLANG_WARN_INFINITE_RECURSION = YES;
				CLANG_WARN_INT_CONVERSION = YES;
				CLANG_WARN_NON_LITERAL_NULL_CONVERSION = YES;
				CLANG_WARN_OBJC_IMPLICIT_RETAIN_SELF = YES;
				CLANG_WARN_OBJC_LITERAL_CONVERSION = YES;
				CLANG_WARN_OBJC_ROOT_CLASS = YES_ERROR;
				CLANG_WARN_QUOTED_INCLUDE_IN_FRAMEWORK_HEADER = YES;
				CLANG_WARN_RANGE_LOOP_ANALYSIS = YES;
				CLANG_WARN_STRICT_PROTOTYPES = YES;
				CLANG_WARN_SUSPICIOUS_MOVE = YES;
				CLANG_WARN_UNGUARDED_AVAILABILITY = YES_AGGRESSIVE;
				CLANG_WARN_UNREACHABLE_CODE = YES;
				CLANG_WARN__DUPLICATE_METHOD_MATCH = YES;
				COPY_PHASE_STRIP = NO;
				DEBUG_INFORMATION_FORMAT = dwarf;
				ENABLE_STRICT_OBJC_MSGSEND = YES;
				ENABLE_TESTABILITY = YES;
				ENABLE_USER_SCRIPT_SANDBOXING = YES;
				GCC_C_LANGUAGE_STANDARD = gnu17;
				GCC_DYNAMIC_NO_PIC = NO;
				GCC_NO_COMMON_BLOCKS = YES;
				GCC_OPTIMIZATION_LEVEL = 0;
				GCC_PREPROCESSOR_DEFINITIONS = (
					"DEBUG=1",
					"$(inherited)",
				);
				GCC_WARN_64_TO_32_BIT_CONVERSION = YES;
				GCC_WARN_ABOUT_RETURN_TYPE = YES_ERROR;
				GCC_WARN_UNDECLARED_SELECTOR = YES;
				GCC_WARN_UNINITIALIZED_AUTOS = YES_AGGRESSIVE;
				GCC_WARN_UNUSED_FUNCTION = YES;
				GCC_WARN_UNUSED_VARIABLE = YES;
				IPHONEOS_DEPLOYMENT_TARGET = 17.0;
				LOCALIZATION_PREFERS_STRING_CATALOGS = YES;
				MTL_ENABLE_DEBUG_INFO = INCLUDE_SOURCE;
				MTL_FAST_MATH = YES;
				ONLY_ACTIVE_ARCH = YES;
				SDKROOT = iphoneos;
				SWIFT_ACTIVE_COMPILATION_CONDITIONS = "DEBUG $(inherited)";
				SWIFT_OPTIMIZATION_LEVEL = "-Onone";
			};
			name = Debug;
		};
		BF00E8632B53653B0079B703 /* Release */ = {
			isa = XCBuildConfiguration;
			buildSettings = {
				ALWAYS_SEARCH_USER_PATHS = NO;
				ASSETCATALOG_COMPILER_GENERATE_SWIFT_ASSET_SYMBOL_EXTENSIONS = YES;
				CLANG_ANALYZER_NONNULL = YES;
				CLANG_ANALYZER_NUMBER_OBJECT_CONVERSION = YES_AGGRESSIVE;
				CLANG_CXX_LANGUAGE_STANDARD = "gnu++20";
				CLANG_ENABLE_MODULES = YES;
				CLANG_ENABLE_OBJC_ARC = YES;
				CLANG_ENABLE_OBJC_WEAK = YES;
				CLANG_WARN_BLOCK_CAPTURE_AUTORELEASING = YES;
				CLANG_WARN_BOOL_CONVERSION = YES;
				CLANG_WARN_COMMA = YES;
				CLANG_WARN_CONSTANT_CONVERSION = YES;
				CLANG_WARN_DEPRECATED_OBJC_IMPLEMENTATIONS = YES;
				CLANG_WARN_DIRECT_OBJC_ISA_USAGE = YES_ERROR;
				CLANG_WARN_DOCUMENTATION_COMMENTS = YES;
				CLANG_WARN_EMPTY_BODY = YES;
				CLANG_WARN_ENUM_CONVERSION = YES;
				CLANG_WARN_INFINITE_RECURSION = YES;
				CLANG_WARN_INT_CONVERSION = YES;
				CLANG_WARN_NON_LITERAL_NULL_CONVERSION = YES;
				CLANG_WARN_OBJC_IMPLICIT_RETAIN_SELF = YES;
				CLANG_WARN_OBJC_LITERAL_CONVERSION = YES;
				CLANG_WARN_OBJC_ROOT_CLASS = YES_ERROR;
				CLANG_WARN_QUOTED_INCLUDE_IN_FRAMEWORK_HEADER = YES;
				CLANG_WARN_RANGE_LOOP_ANALYSIS = YES;
				CLANG_WARN_STRICT_PROTOTYPES = YES;
				CLANG_WARN_SUSPICIOUS_MOVE = YES;
				CLANG_WARN_UNGUARDED_AVAILABILITY = YES_AGGRESSIVE;
				CLANG_WARN_UNREACHABLE_CODE = YES;
				CLANG_WARN__DUPLICATE_METHOD_MATCH = YES;
				COPY_PHASE_STRIP = NO;
				DEBUG_INFORMATION_FORMAT = "dwarf-with-dsym";
				ENABLE_NS_ASSERTIONS = NO;
				ENABLE_STRICT_OBJC_MSGSEND = YES;
				ENABLE_USER_SCRIPT_SANDBOXING = YES;
				GCC_C_LANGUAGE_STANDARD = gnu17;
				GCC_NO_COMMON_BLOCKS = YES;
				GCC_WARN_64_TO_32_BIT_CONVERSION = YES;
				GCC_WARN_ABOUT_RETURN_TYPE = YES_ERROR;
				GCC_WARN_UNDECLARED_SELECTOR = YES;
				GCC_WARN_UNINITIALIZED_AUTOS = YES_AGGRESSIVE;
				GCC_WARN_UNUSED_FUNCTION = YES;
				GCC_WARN_UNUSED_VARIABLE = YES;
				IPHONEOS_DEPLOYMENT_TARGET = 17.0;
				LOCALIZATION_PREFERS_STRING_CATALOGS = YES;
				MTL_ENABLE_DEBUG_INFO = NO;
				MTL_FAST_MATH = YES;
				SDKROOT = iphoneos;
				SWIFT_COMPILATION_MODE = wholemodule;
				VALIDATE_PRODUCT = YES;
			};
			name = Release;
		};
		BF00E8652B53653B0079B703 /* Debug */ = {
			isa = XCBuildConfiguration;
			buildSettings = {
				ASSETCATALOG_COMPILER_APPICON_NAME = AppIcon;
				ASSETCATALOG_COMPILER_GLOBAL_ACCENT_COLOR_NAME = AccentColor;
				CODE_SIGN_STYLE = Automatic;
				CURRENT_PROJECT_VERSION = 1;
				DEVELOPMENT_TEAM = V99ACVZ6SW;
				GENERATE_INFOPLIST_FILE = YES;
				INFOPLIST_FILE = Navigation/Info.plist;
				INFOPLIST_KEY_UIApplicationSupportsIndirectInputEvents = YES;
				INFOPLIST_KEY_UILaunchStoryboardName = LaunchScreen;
				INFOPLIST_KEY_UISupportedInterfaceOrientations = UIInterfaceOrientationPortrait;
				INFOPLIST_KEY_UISupportedInterfaceOrientations_iPad = "UIInterfaceOrientationLandscapeLeft UIInterfaceOrientationLandscapeRight UIInterfaceOrientationPortrait UIInterfaceOrientationPortraitUpsideDown";
				IPHONEOS_DEPLOYMENT_TARGET = 13.0;
				LD_RUNPATH_SEARCH_PATHS = (
					"$(inherited)",
					"@executable_path/Frameworks",
				);
				MARKETING_VERSION = 1.0;
				PRODUCT_BUNDLE_IDENTIFIER = com.martynov.Navigation;
				PRODUCT_NAME = "$(TARGET_NAME)";
				SUPPORTED_PLATFORMS = "iphoneos iphonesimulator";
				SUPPORTS_MACCATALYST = NO;
				SUPPORTS_MAC_DESIGNED_FOR_IPHONE_IPAD = NO;
				SWIFT_EMIT_LOC_STRINGS = YES;
				SWIFT_VERSION = 5.0;
				TARGETED_DEVICE_FAMILY = 1;
			};
			name = Debug;
		};
		BF00E8662B53653B0079B703 /* Release */ = {
			isa = XCBuildConfiguration;
			buildSettings = {
				ASSETCATALOG_COMPILER_APPICON_NAME = AppIcon;
				ASSETCATALOG_COMPILER_GLOBAL_ACCENT_COLOR_NAME = AccentColor;
				CODE_SIGN_STYLE = Automatic;
				CURRENT_PROJECT_VERSION = 1;
				DEVELOPMENT_TEAM = V99ACVZ6SW;
				GENERATE_INFOPLIST_FILE = YES;
				INFOPLIST_FILE = Navigation/Info.plist;
				INFOPLIST_KEY_UIApplicationSupportsIndirectInputEvents = YES;
				INFOPLIST_KEY_UILaunchStoryboardName = LaunchScreen;
				INFOPLIST_KEY_UISupportedInterfaceOrientations = UIInterfaceOrientationPortrait;
				INFOPLIST_KEY_UISupportedInterfaceOrientations_iPad = "UIInterfaceOrientationLandscapeLeft UIInterfaceOrientationLandscapeRight UIInterfaceOrientationPortrait UIInterfaceOrientationPortraitUpsideDown";
				IPHONEOS_DEPLOYMENT_TARGET = 13.0;
				LD_RUNPATH_SEARCH_PATHS = (
					"$(inherited)",
					"@executable_path/Frameworks",
				);
				MARKETING_VERSION = 1.0;
				PRODUCT_BUNDLE_IDENTIFIER = com.martynov.Navigation;
				PRODUCT_NAME = "$(TARGET_NAME)";
				SUPPORTED_PLATFORMS = "iphoneos iphonesimulator";
				SUPPORTS_MACCATALYST = NO;
				SUPPORTS_MAC_DESIGNED_FOR_IPHONE_IPAD = NO;
				SWIFT_EMIT_LOC_STRINGS = YES;
				SWIFT_VERSION = 5.0;
				TARGETED_DEVICE_FAMILY = 1;
			};
			name = Release;
		};
/* End XCBuildConfiguration section */

/* Begin XCConfigurationList section */
		BF00E84B2B5365390079B703 /* Build configuration list for PBXProject "Navigation" */ = {
			isa = XCConfigurationList;
			buildConfigurations = (
				BF00E8622B53653B0079B703 /* Debug */,
				BF00E8632B53653B0079B703 /* Release */,
			);
			defaultConfigurationIsVisible = 0;
			defaultConfigurationName = Release;
		};
		BF00E8642B53653B0079B703 /* Build configuration list for PBXNativeTarget "Navigation" */ = {
			isa = XCConfigurationList;
			buildConfigurations = (
				BF00E8652B53653B0079B703 /* Debug */,
				BF00E8662B53653B0079B703 /* Release */,
			);
			defaultConfigurationIsVisible = 0;
			defaultConfigurationName = Release;
		};
/* End XCConfigurationList section */
	};
	rootObject = BF00E8482B5365390079B703 /* Project object */;
}
